// !$*UTF8*$!
{
	archiveVersion = 1;
	classes = {
	};
	objectVersion = 46;
	objects = {

/* Begin PBXBuildFile section */
		71B3F48B1B4ACD640021E73B /* AppDelegate.swift in Sources */ = {isa = PBXBuildFile; fileRef = 71B3F48A1B4ACD640021E73B /* AppDelegate.swift */; };
		71B3F4A31B4ACD640021E73B /* SwiftComponentsTourTests.swift in Sources */ = {isa = PBXBuildFile; fileRef = 71B3F4A21B4ACD640021E73B /* SwiftComponentsTourTests.swift */; };
		71B3F4B01B4AE87C0021E73B /* NIOMasterViewController.swift in Sources */ = {isa = PBXBuildFile; fileRef = 71B3F4AE1B4AE87C0021E73B /* NIOMasterViewController.swift */; };
		71B3F4B41B4AE9FF0021E73B /* NIOLabelViewController.swift in Sources */ = {isa = PBXBuildFile; fileRef = 71B3F4B31B4AE9FF0021E73B /* NIOLabelViewController.swift */; };
		71B3F4B61B4AEA170021E73B /* NIOTextFieldViewController.swift in Sources */ = {isa = PBXBuildFile; fileRef = 71B3F4B51B4AEA170021E73B /* NIOTextFieldViewController.swift */; };
		71B3F4B81B4AEA220021E73B /* NIOTextViewViewController.swift in Sources */ = {isa = PBXBuildFile; fileRef = 71B3F4B71B4AEA220021E73B /* NIOTextViewViewController.swift */; };
		71B3F4BA1B4AEA360021E73B /* NIOButtonViewController.swift in Sources */ = {isa = PBXBuildFile; fileRef = 71B3F4B91B4AEA360021E73B /* NIOButtonViewController.swift */; };
		71B3F4BC1B4AEA3E0021E73B /* NIOSwitchViewController.swift in Sources */ = {isa = PBXBuildFile; fileRef = 71B3F4BB1B4AEA3E0021E73B /* NIOSwitchViewController.swift */; };
		71B3F4BE1B4AEA4F0021E73B /* NIOSegmentedControlViewController.swift in Sources */ = {isa = PBXBuildFile; fileRef = 71B3F4BD1B4AEA4F0021E73B /* NIOSegmentedControlViewController.swift */; };
		71B3F4C01B4AEA570021E73B /* NIOStepperViewController.swift in Sources */ = {isa = PBXBuildFile; fileRef = 71B3F4BF1B4AEA570021E73B /* NIOStepperViewController.swift */; };
		71B3F4C21B4AEA650021E73B /* NIOSliderViewController.swift in Sources */ = {isa = PBXBuildFile; fileRef = 71B3F4C11B4AEA650021E73B /* NIOSliderViewController.swift */; };
		71B3F4C41B4AEA780021E73B /* NIOProgressViewController.swift in Sources */ = {isa = PBXBuildFile; fileRef = 71B3F4C31B4AEA780021E73B /* NIOProgressViewController.swift */; };
		71B3F4C61B4AEA810021E73B /* NIOPickersViewController.swift in Sources */ = {isa = PBXBuildFile; fileRef = 71B3F4C51B4AEA810021E73B /* NIOPickersViewController.swift */; };
		71B3F4C81B4AEA900021E73B /* NIOGesturesViewController.swift in Sources */ = {isa = PBXBuildFile; fileRef = 71B3F4C71B4AEA900021E73B /* NIOGesturesViewController.swift */; };
		71B3F4CA1B4AEA9B0021E73B /* NIOAccelerometerViewController.swift in Sources */ = {isa = PBXBuildFile; fileRef = 71B3F4C91B4AEA9B0021E73B /* NIOAccelerometerViewController.swift */; };
		CBF91BEB1B68096400B442F0 /* LaunchScreen.xib in Resources */ = {isa = PBXBuildFile; fileRef = CBF91BE71B68096400B442F0 /* LaunchScreen.xib */; };
		CBF91BEC1B68096400B442F0 /* Main.storyboard in Resources */ = {isa = PBXBuildFile; fileRef = CBF91BE91B68096400B442F0 /* Main.storyboard */; };
		CBF91BEE1B68096C00B442F0 /* Images.xcassets in Resources */ = {isa = PBXBuildFile; fileRef = CBF91BED1B68096C00B442F0 /* Images.xcassets */; };
/* End PBXBuildFile section */

/* Begin PBXContainerItemProxy section */
		71B3F49D1B4ACD640021E73B /* PBXContainerItemProxy */ = {
			isa = PBXContainerItemProxy;
			containerPortal = 71B3F47D1B4ACD640021E73B /* Project object */;
			proxyType = 1;
			remoteGlobalIDString = 71B3F4841B4ACD640021E73B;
			remoteInfo = SwiftComponentsTour;
		};
/* End PBXContainerItemProxy section */

/* Begin PBXFileReference section */
		71B3F4851B4ACD640021E73B /* SwiftComponentsTour.app */ = {isa = PBXFileReference; explicitFileType = wrapper.application; includeInIndex = 0; path = SwiftComponentsTour.app; sourceTree = BUILT_PRODUCTS_DIR; };
		71B3F4891B4ACD640021E73B /* Info.plist */ = {isa = PBXFileReference; lastKnownFileType = text.plist.xml; path = Info.plist; sourceTree = "<group>"; };
		71B3F48A1B4ACD640021E73B /* AppDelegate.swift */ = {isa = PBXFileReference; lastKnownFileType = sourcecode.swift; path = AppDelegate.swift; sourceTree = "<group>"; };
		71B3F49C1B4ACD640021E73B /* SwiftComponentsTourTests.xctest */ = {isa = PBXFileReference; explicitFileType = wrapper.cfbundle; includeInIndex = 0; path = SwiftComponentsTourTests.xctest; sourceTree = BUILT_PRODUCTS_DIR; };
		71B3F4A11B4ACD640021E73B /* Info.plist */ = {isa = PBXFileReference; lastKnownFileType = text.plist.xml; path = Info.plist; sourceTree = "<group>"; };
		71B3F4A21B4ACD640021E73B /* SwiftComponentsTourTests.swift */ = {isa = PBXFileReference; lastKnownFileType = sourcecode.swift; path = SwiftComponentsTourTests.swift; sourceTree = "<group>"; };
		71B3F4AE1B4AE87C0021E73B /* NIOMasterViewController.swift */ = {isa = PBXFileReference; fileEncoding = 4; lastKnownFileType = sourcecode.swift; path = NIOMasterViewController.swift; sourceTree = "<group>"; };
		71B3F4B31B4AE9FF0021E73B /* NIOLabelViewController.swift */ = {isa = PBXFileReference; fileEncoding = 4; lastKnownFileType = sourcecode.swift; path = NIOLabelViewController.swift; sourceTree = "<group>"; };
		71B3F4B51B4AEA170021E73B /* NIOTextFieldViewController.swift */ = {isa = PBXFileReference; fileEncoding = 4; lastKnownFileType = sourcecode.swift; path = NIOTextFieldViewController.swift; sourceTree = "<group>"; };
		71B3F4B71B4AEA220021E73B /* NIOTextViewViewController.swift */ = {isa = PBXFileReference; fileEncoding = 4; lastKnownFileType = sourcecode.swift; path = NIOTextViewViewController.swift; sourceTree = "<group>"; };
		71B3F4B91B4AEA360021E73B /* NIOButtonViewController.swift */ = {isa = PBXFileReference; fileEncoding = 4; lastKnownFileType = sourcecode.swift; path = NIOButtonViewController.swift; sourceTree = "<group>"; };
		71B3F4BB1B4AEA3E0021E73B /* NIOSwitchViewController.swift */ = {isa = PBXFileReference; fileEncoding = 4; lastKnownFileType = sourcecode.swift; path = NIOSwitchViewController.swift; sourceTree = "<group>"; };
		71B3F4BD1B4AEA4F0021E73B /* NIOSegmentedControlViewController.swift */ = {isa = PBXFileReference; fileEncoding = 4; lastKnownFileType = sourcecode.swift; path = NIOSegmentedControlViewController.swift; sourceTree = "<group>"; };
		71B3F4BF1B4AEA570021E73B /* NIOStepperViewController.swift */ = {isa = PBXFileReference; fileEncoding = 4; lastKnownFileType = sourcecode.swift; path = NIOStepperViewController.swift; sourceTree = "<group>"; };
		71B3F4C11B4AEA650021E73B /* NIOSliderViewController.swift */ = {isa = PBXFileReference; fileEncoding = 4; lastKnownFileType = sourcecode.swift; path = NIOSliderViewController.swift; sourceTree = "<group>"; };
		71B3F4C31B4AEA780021E73B /* NIOProgressViewController.swift */ = {isa = PBXFileReference; fileEncoding = 4; lastKnownFileType = sourcecode.swift; path = NIOProgressViewController.swift; sourceTree = "<group>"; };
		71B3F4C51B4AEA810021E73B /* NIOPickersViewController.swift */ = {isa = PBXFileReference; fileEncoding = 4; lastKnownFileType = sourcecode.swift; path = NIOPickersViewController.swift; sourceTree = "<group>"; };
		71B3F4C71B4AEA900021E73B /* NIOGesturesViewController.swift */ = {isa = PBXFileReference; fileEncoding = 4; lastKnownFileType = sourcecode.swift; path = NIOGesturesViewController.swift; sourceTree = "<group>"; };
		71B3F4C91B4AEA9B0021E73B /* NIOAccelerometerViewController.swift */ = {isa = PBXFileReference; fileEncoding = 4; lastKnownFileType = sourcecode.swift; path = NIOAccelerometerViewController.swift; sourceTree = "<group>"; };
		CBF91BE81B68096400B442F0 /* Base */ = {isa = PBXFileReference; lastKnownFileType = file.xib; name = Base; path = SwiftComponentsTour/Base.lproj/LaunchScreen.xib; sourceTree = SOURCE_ROOT; };
		CBF91BEA1B68096400B442F0 /* Base */ = {isa = PBXFileReference; lastKnownFileType = file.storyboard; name = Base; path = SwiftComponentsTour/Base.lproj/Main.storyboard; sourceTree = SOURCE_ROOT; };
		CBF91BED1B68096C00B442F0 /* Images.xcassets */ = {isa = PBXFileReference; lastKnownFileType = folder.assetcatalog; name = Images.xcassets; path = SwiftComponentsTour/Images.xcassets; sourceTree = SOURCE_ROOT; };
/* End PBXFileReference section */

/* Begin PBXFrameworksBuildPhase section */
		71B3F4821B4ACD640021E73B /* Frameworks */ = {
			isa = PBXFrameworksBuildPhase;
			buildActionMask = 2147483647;
			files = (
			);
			runOnlyForDeploymentPostprocessing = 0;
		};
		71B3F4991B4ACD640021E73B /* Frameworks */ = {
			isa = PBXFrameworksBuildPhase;
			buildActionMask = 2147483647;
			files = (
			);
			runOnlyForDeploymentPostprocessing = 0;
		};
/* End PBXFrameworksBuildPhase section */

/* Begin PBXGroup section */
		71B3F47C1B4ACD640021E73B = {
			isa = PBXGroup;
			children = (
				71B3F4871B4ACD640021E73B /* SwiftComponentsTour */,
				71B3F49F1B4ACD640021E73B /* SwiftComponentsTourTests */,
				71B3F4861B4ACD640021E73B /* Products */,
			);
			sourceTree = "<group>";
		};
		71B3F4861B4ACD640021E73B /* Products */ = {
			isa = PBXGroup;
			children = (
				71B3F4851B4ACD640021E73B /* SwiftComponentsTour.app */,
				71B3F49C1B4ACD640021E73B /* SwiftComponentsTourTests.xctest */,
			);
			name = Products;
			sourceTree = "<group>";
		};
		71B3F4871B4ACD640021E73B /* SwiftComponentsTour */ = {
			isa = PBXGroup;
			children = (
				71B3F48A1B4ACD640021E73B /* AppDelegate.swift */,
				71B3F4AC1B4AE87C0021E73B /* ViewController */,
				71B3F4B11B4AE88E0021E73B /* Assets */,
				71B3F4881B4ACD640021E73B /* Supporting Files */,
			);
			path = SwiftComponentsTour;
			sourceTree = "<group>";
		};
		71B3F4881B4ACD640021E73B /* Supporting Files */ = {
			isa = PBXGroup;
			children = (
				71B3F4891B4ACD640021E73B /* Info.plist */,
			);
			name = "Supporting Files";
			sourceTree = "<group>";
		};
		71B3F49F1B4ACD640021E73B /* SwiftComponentsTourTests */ = {
			isa = PBXGroup;
			children = (
				71B3F4A21B4ACD640021E73B /* SwiftComponentsTourTests.swift */,
				71B3F4A01B4ACD640021E73B /* Supporting Files */,
			);
			path = SwiftComponentsTourTests;
			sourceTree = "<group>";
		};
		71B3F4A01B4ACD640021E73B /* Supporting Files */ = {
			isa = PBXGroup;
			children = (
				71B3F4A11B4ACD640021E73B /* Info.plist */,
			);
			name = "Supporting Files";
			sourceTree = "<group>";
		};
		71B3F4AC1B4AE87C0021E73B /* ViewController */ = {
			isa = PBXGroup;
			children = (
				71B3F4AE1B4AE87C0021E73B /* NIOMasterViewController.swift */,
				71B3F4B21B4AE8F00021E73B /* Detail */,
			);
			path = ViewController;
			sourceTree = "<group>";
		};
		71B3F4B11B4AE88E0021E73B /* Assets */ = {
			isa = PBXGroup;
			children = (
				CBF91BE71B68096400B442F0 /* LaunchScreen.xib */,
				CBF91BE91B68096400B442F0 /* Main.storyboard */,
				CBF91BED1B68096C00B442F0 /* Images.xcassets */,
			);
			path = Assets;
			sourceTree = "<group>";
		};
		71B3F4B21B4AE8F00021E73B /* Detail */ = {
			isa = PBXGroup;
			children = (
				71B3F4B31B4AE9FF0021E73B /* NIOLabelViewController.swift */,
				71B3F4B51B4AEA170021E73B /* NIOTextFieldViewController.swift */,
				71B3F4B71B4AEA220021E73B /* NIOTextViewViewController.swift */,
				71B3F4B91B4AEA360021E73B /* NIOButtonViewController.swift */,
				71B3F4BB1B4AEA3E0021E73B /* NIOSwitchViewController.swift */,
				71B3F4C11B4AEA650021E73B /* NIOSliderViewController.swift */,
				71B3F4BD1B4AEA4F0021E73B /* NIOSegmentedControlViewController.swift */,
				71B3F4BF1B4AEA570021E73B /* NIOStepperViewController.swift */,
				71B3F4C31B4AEA780021E73B /* NIOProgressViewController.swift */,
				71B3F4C51B4AEA810021E73B /* NIOPickersViewController.swift */,
				71B3F4C71B4AEA900021E73B /* NIOGesturesViewController.swift */,
				71B3F4C91B4AEA9B0021E73B /* NIOAccelerometerViewController.swift */,
			);
			path = Detail;
			sourceTree = "<group>";
		};
/* End PBXGroup section */

/* Begin PBXNativeTarget section */
		71B3F4841B4ACD640021E73B /* SwiftComponentsTour */ = {
			isa = PBXNativeTarget;
			buildConfigurationList = 71B3F4A61B4ACD640021E73B /* Build configuration list for PBXNativeTarget "SwiftComponentsTour" */;
			buildPhases = (
				71B3F4811B4ACD640021E73B /* Sources */,
				71B3F4821B4ACD640021E73B /* Frameworks */,
				71B3F4831B4ACD640021E73B /* Resources */,
			);
			buildRules = (
			);
			dependencies = (
			);
			name = SwiftComponentsTour;
			productName = SwiftComponentsTour;
			productReference = 71B3F4851B4ACD640021E73B /* SwiftComponentsTour.app */;
			productType = "com.apple.product-type.application";
		};
		71B3F49B1B4ACD640021E73B /* SwiftComponentsTourTests */ = {
			isa = PBXNativeTarget;
			buildConfigurationList = 71B3F4A91B4ACD640021E73B /* Build configuration list for PBXNativeTarget "SwiftComponentsTourTests" */;
			buildPhases = (
				71B3F4981B4ACD640021E73B /* Sources */,
				71B3F4991B4ACD640021E73B /* Frameworks */,
				71B3F49A1B4ACD640021E73B /* Resources */,
			);
			buildRules = (
			);
			dependencies = (
				71B3F49E1B4ACD640021E73B /* PBXTargetDependency */,
			);
			name = SwiftComponentsTourTests;
			productName = SwiftComponentsTourTests;
			productReference = 71B3F49C1B4ACD640021E73B /* SwiftComponentsTourTests.xctest */;
			productType = "com.apple.product-type.bundle.unit-test";
		};
/* End PBXNativeTarget section */

/* Begin PBXProject section */
		71B3F47D1B4ACD640021E73B /* Project object */ = {
			isa = PBXProject;
			attributes = {
				CLASSPREFIX = NIO;
				LastUpgradeCheck = 0640;
				ORGANIZATIONNAME = nimblenoggin.io;
				TargetAttributes = {
					71B3F4841B4ACD640021E73B = {
						CreatedOnToolsVersion = 6.4;
					};
					71B3F49B1B4ACD640021E73B = {
						CreatedOnToolsVersion = 6.4;
						TestTargetID = 71B3F4841B4ACD640021E73B;
					};
				};
			};
			buildConfigurationList = 71B3F4801B4ACD640021E73B /* Build configuration list for PBXProject "SwiftComponentsTour" */;
			compatibilityVersion = "Xcode 3.2";
			developmentRegion = English;
			hasScannedForEncodings = 0;
			knownRegions = (
				en,
				Base,
			);
			mainGroup = 71B3F47C1B4ACD640021E73B;
			productRefGroup = 71B3F4861B4ACD640021E73B /* Products */;
			projectDirPath = "";
			projectRoot = "";
			targets = (
				71B3F4841B4ACD640021E73B /* SwiftComponentsTour */,
				71B3F49B1B4ACD640021E73B /* SwiftComponentsTourTests */,
			);
		};
/* End PBXProject section */

/* Begin PBXResourcesBuildPhase section */
		71B3F4831B4ACD640021E73B /* Resources */ = {
			isa = PBXResourcesBuildPhase;
			buildActionMask = 2147483647;
			files = (
				CBF91BEE1B68096C00B442F0 /* Images.xcassets in Resources */,
				CBF91BEB1B68096400B442F0 /* LaunchScreen.xib in Resources */,
				CBF91BEC1B68096400B442F0 /* Main.storyboard in Resources */,
			);
			runOnlyForDeploymentPostprocessing = 0;
		};
		71B3F49A1B4ACD640021E73B /* Resources */ = {
			isa = PBXResourcesBuildPhase;
			buildActionMask = 2147483647;
			files = (
			);
			runOnlyForDeploymentPostprocessing = 0;
		};
/* End PBXResourcesBuildPhase section */

/* Begin PBXSourcesBuildPhase section */
		71B3F4811B4ACD640021E73B /* Sources */ = {
			isa = PBXSourcesBuildPhase;
			buildActionMask = 2147483647;
			files = (
				71B3F4C81B4AEA900021E73B /* NIOGesturesViewController.swift in Sources */,
				71B3F48B1B4ACD640021E73B /* AppDelegate.swift in Sources */,
				71B3F4C01B4AEA570021E73B /* NIOStepperViewController.swift in Sources */,
				71B3F4C21B4AEA650021E73B /* NIOSliderViewController.swift in Sources */,
				71B3F4BA1B4AEA360021E73B /* NIOButtonViewController.swift in Sources */,
				71B3F4B41B4AE9FF0021E73B /* NIOLabelViewController.swift in Sources */,
				71B3F4BC1B4AEA3E0021E73B /* NIOSwitchViewController.swift in Sources */,
				71B3F4BE1B4AEA4F0021E73B /* NIOSegmentedControlViewController.swift in Sources */,
				71B3F4C41B4AEA780021E73B /* NIOProgressViewController.swift in Sources */,
				71B3F4B61B4AEA170021E73B /* NIOTextFieldViewController.swift in Sources */,
				71B3F4B01B4AE87C0021E73B /* NIOMasterViewController.swift in Sources */,
				71B3F4B81B4AEA220021E73B /* NIOTextViewViewController.swift in Sources */,
				71B3F4C61B4AEA810021E73B /* NIOPickersViewController.swift in Sources */,
				71B3F4CA1B4AEA9B0021E73B /* NIOAccelerometerViewController.swift in Sources */,
			);
			runOnlyForDeploymentPostprocessing = 0;
		};
		71B3F4981B4ACD640021E73B /* Sources */ = {
			isa = PBXSourcesBuildPhase;
			buildActionMask = 2147483647;
			files = (
				71B3F4A31B4ACD640021E73B /* SwiftComponentsTourTests.swift in Sources */,
			);
			runOnlyForDeploymentPostprocessing = 0;
		};
/* End PBXSourcesBuildPhase section */

/* Begin PBXTargetDependency section */
		71B3F49E1B4ACD640021E73B /* PBXTargetDependency */ = {
			isa = PBXTargetDependency;
			target = 71B3F4841B4ACD640021E73B /* SwiftComponentsTour */;
			targetProxy = 71B3F49D1B4ACD640021E73B /* PBXContainerItemProxy */;
		};
/* End PBXTargetDependency section */

/* Begin PBXVariantGroup section */
		CBF91BE71B68096400B442F0 /* LaunchScreen.xib */ = {
			isa = PBXVariantGroup;
			children = (
				CBF91BE81B68096400B442F0 /* Base */,
			);
			name = LaunchScreen.xib;
			sourceTree = "<group>";
		};
		CBF91BE91B68096400B442F0 /* Main.storyboard */ = {
			isa = PBXVariantGroup;
			children = (
				CBF91BEA1B68096400B442F0 /* Base */,
			);
			name = Main.storyboard;
			sourceTree = "<group>";
		};
/* End PBXVariantGroup section */

/* Begin XCBuildConfiguration section */
		71B3F4A41B4ACD640021E73B /* Debug */ = {
			isa = XCBuildConfiguration;
			buildSettings = {
				ALWAYS_SEARCH_USER_PATHS = NO;
				CLANG_CXX_LANGUAGE_STANDARD = "gnu++0x";
				CLANG_CXX_LIBRARY = "libc++";
				CLANG_ENABLE_MODULES = YES;
				CLANG_ENABLE_OBJC_ARC = YES;
				CLANG_WARN_BOOL_CONVERSION = YES;
				CLANG_WARN_CONSTANT_CONVERSION = YES;
				CLANG_WARN_DIRECT_OBJC_ISA_USAGE = YES_ERROR;
				CLANG_WARN_EMPTY_BODY = YES;
				CLANG_WARN_ENUM_CONVERSION = YES;
				CLANG_WARN_INT_CONVERSION = YES;
				CLANG_WARN_OBJC_ROOT_CLASS = YES_ERROR;
				CLANG_WARN_UNREACHABLE_CODE = YES;
				CLANG_WARN__DUPLICATE_METHOD_MATCH = YES;
				"CODE_SIGN_IDENTITY[sdk=iphoneos*]" = "iPhone Developer";
				COPY_PHASE_STRIP = NO;
				DEBUG_INFORMATION_FORMAT = "dwarf-with-dsym";
				ENABLE_STRICT_OBJC_MSGSEND = YES;
				GCC_C_LANGUAGE_STANDARD = gnu99;
				GCC_DYNAMIC_NO_PIC = NO;
				GCC_NO_COMMON_BLOCKS = YES;
				GCC_OPTIMIZATION_LEVEL = 0;
				GCC_PREPROCESSOR_DEFINITIONS = (
					"DEBUG=1",
					"$(inherited)",
				);
				GCC_SYMBOLS_PRIVATE_EXTERN = NO;
				GCC_WARN_64_TO_32_BIT_CONVERSION = YES;
				GCC_WARN_ABOUT_RETURN_TYPE = YES_ERROR;
				GCC_WARN_UNDECLARED_SELECTOR = YES;
				GCC_WARN_UNINITIALIZED_AUTOS = YES_AGGRESSIVE;
				GCC_WARN_UNUSED_FUNCTION = YES;
				GCC_WARN_UNUSED_VARIABLE = YES;
				IPHONEOS_DEPLOYMENT_TARGET = 8.4;
				MTL_ENABLE_DEBUG_INFO = YES;
				ONLY_ACTIVE_ARCH = YES;
				SDKROOT = iphoneos;
				SWIFT_OPTIMIZATION_LEVEL = "-Onone";
				TARGETED_DEVICE_FAMILY = 2;
			};
			name = Debug;
		};
		71B3F4A51B4ACD640021E73B /* Release */ = {
			isa = XCBuildConfiguration;
			buildSettings = {
				ALWAYS_SEARCH_USER_PATHS = NO;
				CLANG_CXX_LANGUAGE_STANDARD = "gnu++0x";
				CLANG_CXX_LIBRARY = "libc++";
				CLANG_ENABLE_MODULES = YES;
				CLANG_ENABLE_OBJC_ARC = YES;
				CLANG_WARN_BOOL_CONVERSION = YES;
				CLANG_WARN_CONSTANT_CONVERSION = YES;
				CLANG_WARN_DIRECT_OBJC_ISA_USAGE = YES_ERROR;
				CLANG_WARN_EMPTY_BODY = YES;
				CLANG_WARN_ENUM_CONVERSION = YES;
				CLANG_WARN_INT_CONVERSION = YES;
				CLANG_WARN_OBJC_ROOT_CLASS = YES_ERROR;
				CLANG_WARN_UNREACHABLE_CODE = YES;
				CLANG_WARN__DUPLICATE_METHOD_MATCH = YES;
				"CODE_SIGN_IDENTITY[sdk=iphoneos*]" = "iPhone Developer";
				COPY_PHASE_STRIP = NO;
				DEBUG_INFORMATION_FORMAT = "dwarf-with-dsym";
				ENABLE_NS_ASSERTIONS = NO;
				ENABLE_STRICT_OBJC_MSGSEND = YES;
				GCC_C_LANGUAGE_STANDARD = gnu99;
				GCC_NO_COMMON_BLOCKS = YES;
				GCC_WARN_64_TO_32_BIT_CONVERSION = YES;
				GCC_WARN_ABOUT_RETURN_TYPE = YES_ERROR;
				GCC_WARN_UNDECLARED_SELECTOR = YES;
				GCC_WARN_UNINITIALIZED_AUTOS = YES_AGGRESSIVE;
				GCC_WARN_UNUSED_FUNCTION = YES;
				GCC_WARN_UNUSED_VARIABLE = YES;
				IPHONEOS_DEPLOYMENT_TARGET = 8.4;
				MTL_ENABLE_DEBUG_INFO = NO;
				SDKROOT = iphoneos;
				TARGETED_DEVICE_FAMILY = 2;
				VALIDATE_PRODUCT = YES;
			};
			name = Release;
		};
		71B3F4A71B4ACD640021E73B /* Debug */ = {
			isa = XCBuildConfiguration;
			buildSettings = {
				ASSETCATALOG_COMPILER_APPICON_NAME = AppIcon;
				INFOPLIST_FILE = SwiftComponentsTour/Info.plist;
				LD_RUNPATH_SEARCH_PATHS = "$(inherited) @executable_path/Frameworks";
				PRODUCT_NAME = "$(TARGET_NAME)";
			};
			name = Debug;
		};
		71B3F4A81B4ACD640021E73B /* Release */ = {
			isa = XCBuildConfiguration;
			buildSettings = {
				ASSETCATALOG_COMPILER_APPICON_NAME = AppIcon;
				INFOPLIST_FILE = SwiftComponentsTour/Info.plist;
				LD_RUNPATH_SEARCH_PATHS = "$(inherited) @executable_path/Frameworks";
				PRODUCT_NAME = "$(TARGET_NAME)";
			};
			name = Release;
		};
		71B3F4AA1B4ACD640021E73B /* Debug */ = {
			isa = XCBuildConfiguration;
			buildSettings = {
				BUNDLE_LOADER = "$(TEST_HOST)";
				FRAMEWORK_SEARCH_PATHS = (
					"$(SDKROOT)/Developer/Library/Frameworks",
					"$(inherited)",
				);
				GCC_PREPROCESSOR_DEFINITIONS = (
					"DEBUG=1",
					"$(inherited)",
				);
				INFOPLIST_FILE = SwiftComponentsTourTests/Info.plist;
				LD_RUNPATH_SEARCH_PATHS = "$(inherited) @executable_path/Frameworks @loader_path/Frameworks";
				PRODUCT_NAME = "$(TARGET_NAME)";
				TEST_HOST = "$(BUILT_PRODUCTS_DIR)/SwiftComponentsTour.app/SwiftComponentsTour";
			};
			name = Debug;
		};
		71B3F4AB1B4ACD640021E73B /* Release */ = {
			isa = XCBuildConfiguration;
			buildSettings = {
				BUNDLE_LOADER = "$(TEST_HOST)";
				FRAMEWORK_SEARCH_PATHS = (
					"$(SDKROOT)/Developer/Library/Frameworks",
					"$(inherited)",
				);
				INFOPLIST_FILE = SwiftComponentsTourTests/Info.plist;
				LD_RUNPATH_SEARCH_PATHS = "$(inherited) @executable_path/Frameworks @loader_path/Frameworks";
				PRODUCT_NAME = "$(TARGET_NAME)";
				TEST_HOST = "$(BUILT_PRODUCTS_DIR)/SwiftComponentsTour.app/SwiftComponentsTour";
			};
			name = Release;
		};
/* End XCBuildConfiguration section */

/* Begin XCConfigurationList section */
		71B3F4801B4ACD640021E73B /* Build configuration list for PBXProject "SwiftComponentsTour" */ = {
			isa = XCConfigurationList;
			buildConfigurations = (
				71B3F4A41B4ACD640021E73B /* Debug */,
				71B3F4A51B4ACD640021E73B /* Release */,
			);
			defaultConfigurationIsVisible = 0;
			defaultConfigurationName = Release;
		};
		71B3F4A61B4ACD640021E73B /* Build configuration list for PBXNativeTarget "SwiftComponentsTour" */ = {
			isa = XCConfigurationList;
			buildConfigurations = (
				71B3F4A71B4ACD640021E73B /* Debug */,
				71B3F4A81B4ACD640021E73B /* Release */,
			);
			defaultConfigurationIsVisible = 0;
			defaultConfigurationName = Release;
		};
		71B3F4A91B4ACD640021E73B /* Build configuration list for PBXNativeTarget "SwiftComponentsTourTests" */ = {
			isa = XCConfigurationList;
			buildConfigurations = (
				71B3F4AA1B4ACD640021E73B /* Debug */,
				71B3F4AB1B4ACD640021E73B /* Release */,
			);
			defaultConfigurationIsVisible = 0;
			defaultConfigurationName = Release;
		};
/* End XCConfigurationList section */
	};
	rootObject = 71B3F47D1B4ACD640021E73B /* Project object */;
}
